<Solution>
  <Folder Name="/Solution Items/">
    <File Path=".editorconfig" />
  </Folder>
  <Project Path="001-if_else-if_else/001-if_else-if_else.csproj" Id="a79b7815-abe6-4af1-9a73-bd7045cb4189" />
  <Project Path="002-switch_case/002-switch_case.csproj" Id="9507e00e-5c0f-4515-b488-200c71ecaf2a" />
  <Project Path="003-For_Dongusu/003-For_Dongusu.csproj" Id="7fd086b9-c926-4f8e-a4c6-35ca4f8cea62" />
  <Project Path="004-While_Dongusu/004-While_Dongusu.csproj" Id="afd0b2f4-a448-4ebb-8797-6e86155f6965" />
  <Project Path="005-Do_While/005-Do_While.csproj" Id="181cb777-4a9a-4c5a-a623-fc86a6fb6237" />
  <Project Path="006-Foreach_Dongusu/006-Foreach_Dongusu.csproj" Id="87a76aff-6d74-49b9-aa8d-c612dee20784" />
  <Project Path="007-ic_ice_for_dongusu/007-ic_ice_for_dongusu.csproj" Id="ff797ce0-852d-417c-b9b2-700162ac8387" />
  <Project Path="008-metotlar/008-metotlar.csproj" Id="5ba27855-0107-479f-8e73-d96f50e53bff" />
  <Project Path="009-classlar/009-classlar.csproj" Id="202ce9ef-0e5f-4d71-9890-823652e64659" />
  <Project Path="010-Erisim_Belirleyiciler/010-Erisim_Belirleyiciler.csproj" Id="8a4bdc4d-3b8d-454e-a6bf-941ce9c99d5b" />
  <Project Path="011-Properties/011-Properties.csproj" Id="d0dd6e2d-3926-4868-b476-e611cae70029" />
  <Project Path="012-Struct_Yapilar/012-Struct_Yapilar.csproj" Id="99d36c7b-8c7a-4706-8ca8-45cfbd1b662b" />
  <Project Path="013-StringSinifi/013-StringSinifi.csproj" Id="f81c525e-b1d2-49fd-9a05-a7894ea7dff6" />
  <Project Path="014-Enumlar/014-Enumlar.csproj" Id="584dc5df-f7c3-425d-98ac-ad19a6d4eeae" />
  <Project Path="015-Kalitim_Inheritance/015-Kalitim_Inheritance.csproj" Id="46e47349-868d-444a-8853-edc3ba06c4d1" />
  <Project Path="016-Polimorfizm/016-Polimorfizm.csproj" Id="0813c6ab-8133-4f80-be33-aea36ce56f52" />
  <Project Path="017-Kapsulleme/017-Kapsulleme.csproj" Id="6dadd07e-31fc-409b-b0ff-c4bc99d40de3" />
  <Project Path="018-Interface_AraYuzler/018-Interface_AraYuzler.csproj" Id="6ab2750b-15ff-49fb-8557-232a3eb78574" />
  <Project Path="019-AbstractClasses/019-AbstractClasses.csproj" Id="3885aff8-4ba9-4519-880d-dad18f471493" />
  <Project Path="020-Collections_Koleksiyonlar/020-Collections_Koleksiyonlar.csproj" Id="159ed861-63f2-4a9a-914d-b48de011de24" />
</Solution>
